
Microsoft Visual Studio Solution File, Format Version 12.00
# Visual Studio Version 17
VisualStudioVersion = 17.14.36518.9 d17.14
MinimumVisualStudioVersion = 10.0.40219.1
Project("{FAE04EC0-301F-11D3-BF4B-00C04F79EFBC}") = "RealEstateApp", "RealEstateApp\RealEstateApp.csproj", "{12D2E9AC-F506-4A25-AE35-EEFC554974C9}"
EndProject
Global
	GlobalSection(SolutionConfigurationPlatforms) = preSolution
		Debug|Any CPU = Debug|Any CPU
		Release|Any CPU = Release|Any CPU
	EndGlobalSection
	GlobalSection(ProjectConfigurationPlatforms) = postSolution
		{12D2E9AC-F506-4A25-AE35-EEFC554974C9}.Debug|Any CPU.ActiveCfg = Debug|Any CPU
		{12D2E9AC-F506-4A25-AE35-EEFC554974C9}.Debug|Any CPU.Build.0 = Debug|Any CPU
		{12D2E9AC-F506-4A25-AE35-EEFC554974C9}.Release|Any CPU.ActiveCfg = Release|Any CPU
		{12D2E9AC-F506-4A25-AE35-EEFC554974C9}.Release|Any CPU.Build.0 = Release|Any CPU
	EndGlobalSection
	GlobalSection(SolutionProperties) = preSolution
		HideSolutionNode = FALSE
	EndGlobalSection
	GlobalSection(ExtensibilityGlobals) = postSolution
		SolutionGuid = {8EFFB56E-3363-487F-9C25-EBB5CC2AE4ED}
	EndGlobalSection
EndGlobal
